// !$*UTF8*$!
{
	archiveVersion = 1;
	classes = {
	};
	objectVersion = 46;
	objects = {

/* Begin PBXBuildFile section */
		49F8801D1CF6B34D007853C9 /* PlaySoundsViewController+Audio.swift in Sources */ = {isa = PBXBuildFile; fileRef = 49F8801C1CF6B34D007853C9 /* PlaySoundsViewController+Audio.swift */; };
		672432A91CF24C7000A16E97 /* AppDelegate.swift in Sources */ = {isa = PBXBuildFile; fileRef = 672432A81CF24C7000A16E97 /* AppDelegate.swift */; };
		672432AB1CF24C7000A16E97 /* RecordSoundsViewController.swift in Sources */ = {isa = PBXBuildFile; fileRef = 672432AA1CF24C7000A16E97 /* RecordSoundsViewController.swift */; };
		672432AE1CF24C7000A16E97 /* Main.storyboard in Resources */ = {isa = PBXBuildFile; fileRef = 672432AC1CF24C7000A16E97 /* Main.storyboard */; };
		672432B01CF24C7000A16E97 /* Assets.xcassets in Resources */ = {isa = PBXBuildFile; fileRef = 672432AF1CF24C7000A16E97 /* Assets.xcassets */; };
		672432B31CF24C7000A16E97 /* LaunchScreen.storyboard in Resources */ = {isa = PBXBuildFile; fileRef = 672432B11CF24C7000A16E97 /* LaunchScreen.storyboard */; };
		672432BE1CF24C7000A16E97 /* PitchPerfectTests.swift in Sources */ = {isa = PBXBuildFile; fileRef = 672432BD1CF24C7000A16E97 /* PitchPerfectTests.swift */; };
		672432C91CF24C7000A16E97 /* PitchPerfectUITests.swift in Sources */ = {isa = PBXBuildFile; fileRef = 672432C81CF24C7000A16E97 /* PitchPerfectUITests.swift */; };
		67C6270B1CF50E2A00D304F5 /* PlaySoundsViewController.swift in Sources */ = {isa = PBXBuildFile; fileRef = 67C6270A1CF50E2A00D304F5 /* PlaySoundsViewController.swift */; };
/* End PBXBuildFile section */

/* Begin PBXContainerItemProxy section */
		672432BA1CF24C7000A16E97 /* PBXContainerItemProxy */ = {
			isa = PBXContainerItemProxy;
			containerPortal = 6724329D1CF24C7000A16E97 /* Project object */;
			proxyType = 1;
			remoteGlobalIDString = 672432A41CF24C7000A16E97;
			remoteInfo = PitchPerfect;
		};
		672432C51CF24C7000A16E97 /* PBXContainerItemProxy */ = {
			isa = PBXContainerItemProxy;
			containerPortal = 6724329D1CF24C7000A16E97 /* Project object */;
			proxyType = 1;
			remoteGlobalIDString = 672432A41CF24C7000A16E97;
			remoteInfo = PitchPerfect;
		};
/* End PBXContainerItemProxy section */

/* Begin PBXFileReference section */
		49F8801C1CF6B34D007853C9 /* PlaySoundsViewController+Audio.swift */ = {isa = PBXFileReference; fileEncoding = 4; lastKnownFileType = sourcecode.swift; path = "PlaySoundsViewController+Audio.swift"; sourceTree = "<group>"; };
		672432A51CF24C7000A16E97 /* PitchPerfect.app */ = {isa = PBXFileReference; explicitFileType = wrapper.application; includeInIndex = 0; path = PitchPerfect.app; sourceTree = BUILT_PRODUCTS_DIR; };
		672432A81CF24C7000A16E97 /* AppDelegate.swift */ = {isa = PBXFileReference; lastKnownFileType = sourcecode.swift; path = AppDelegate.swift; sourceTree = "<group>"; };
		672432AA1CF24C7000A16E97 /* RecordSoundsViewController.swift */ = {isa = PBXFileReference; lastKnownFileType = sourcecode.swift; path = RecordSoundsViewController.swift; sourceTree = "<group>"; };
		672432AD1CF24C7000A16E97 /* Base */ = {isa = PBXFileReference; lastKnownFileType = file.storyboard; name = Base; path = Base.lproj/Main.storyboard; sourceTree = "<group>"; };
		672432AF1CF24C7000A16E97 /* Assets.xcassets */ = {isa = PBXFileReference; lastKnownFileType = folder.assetcatalog; path = Assets.xcassets; sourceTree = "<group>"; };
		672432B21CF24C7000A16E97 /* Base */ = {isa = PBXFileReference; lastKnownFileType = file.storyboard; name = Base; path = Base.lproj/LaunchScreen.storyboard; sourceTree = "<group>"; };
		672432B41CF24C7000A16E97 /* Info.plist */ = {isa = PBXFileReference; lastKnownFileType = text.plist.xml; path = Info.plist; sourceTree = "<group>"; };
		672432B91CF24C7000A16E97 /* PitchPerfectTests.xctest */ = {isa = PBXFileReference; explicitFileType = wrapper.cfbundle; includeInIndex = 0; path = PitchPerfectTests.xctest; sourceTree = BUILT_PRODUCTS_DIR; };
		672432BD1CF24C7000A16E97 /* PitchPerfectTests.swift */ = {isa = PBXFileReference; lastKnownFileType = sourcecode.swift; path = PitchPerfectTests.swift; sourceTree = "<group>"; };
		672432BF1CF24C7000A16E97 /* Info.plist */ = {isa = PBXFileReference; lastKnownFileType = text.plist.xml; path = Info.plist; sourceTree = "<group>"; };
		672432C41CF24C7000A16E97 /* PitchPerfectUITests.xctest */ = {isa = PBXFileReference; explicitFileType = wrapper.cfbundle; includeInIndex = 0; path = PitchPerfectUITests.xctest; sourceTree = BUILT_PRODUCTS_DIR; };
		672432C81CF24C7000A16E97 /* PitchPerfectUITests.swift */ = {isa = PBXFileReference; lastKnownFileType = sourcecode.swift; path = PitchPerfectUITests.swift; sourceTree = "<group>"; };
		672432CA1CF24C7000A16E97 /* Info.plist */ = {isa = PBXFileReference; lastKnownFileType = text.plist.xml; path = Info.plist; sourceTree = "<group>"; };
		67C6270A1CF50E2A00D304F5 /* PlaySoundsViewController.swift */ = {isa = PBXFileReference; fileEncoding = 4; lastKnownFileType = sourcecode.swift; path = PlaySoundsViewController.swift; sourceTree = "<group>"; };
/* End PBXFileReference section */

/* Begin PBXFrameworksBuildPhase section */
		672432A21CF24C7000A16E97 /* Frameworks */ = {
			isa = PBXFrameworksBuildPhase;
			buildActionMask = 2147483647;
			files = (
			);
			runOnlyForDeploymentPostprocessing = 0;
		};
		672432B61CF24C7000A16E97 /* Frameworks */ = {
			isa = PBXFrameworksBuildPhase;
			buildActionMask = 2147483647;
			files = (
			);
			runOnlyForDeploymentPostprocessing = 0;
		};
		672432C11CF24C7000A16E97 /* Frameworks */ = {
			isa = PBXFrameworksBuildPhase;
			buildActionMask = 2147483647;
			files = (
			);
			runOnlyForDeploymentPostprocessing = 0;
		};
/* End PBXFrameworksBuildPhase section */

/* Begin PBXGroup section */
		6724329C1CF24C7000A16E97 = {
			isa = PBXGroup;
			children = (
				672432A71CF24C7000A16E97 /* PitchPerfect */,
				672432BC1CF24C7000A16E97 /* PitchPerfectTests */,
				672432C71CF24C7000A16E97 /* PitchPerfectUITests */,
				672432A61CF24C7000A16E97 /* Products */,
			);
			sourceTree = "<group>";
		};
		672432A61CF24C7000A16E97 /* Products */ = {
			isa = PBXGroup;
			children = (
				672432A51CF24C7000A16E97 /* PitchPerfect.app */,
				672432B91CF24C7000A16E97 /* PitchPerfectTests.xctest */,
				672432C41CF24C7000A16E97 /* PitchPerfectUITests.xctest */,
			);
			name = Products;
			sourceTree = "<group>";
		};
		672432A71CF24C7000A16E97 /* PitchPerfect */ = {
			isa = PBXGroup;
			children = (
				672432A81CF24C7000A16E97 /* AppDelegate.swift */,
				672432AA1CF24C7000A16E97 /* RecordSoundsViewController.swift */,
				672432AC1CF24C7000A16E97 /* Main.storyboard */,
				67C6270A1CF50E2A00D304F5 /* PlaySoundsViewController.swift */,
				49F8801C1CF6B34D007853C9 /* PlaySoundsViewController+Audio.swift */,
				672432AF1CF24C7000A16E97 /* Assets.xcassets */,
				672432B11CF24C7000A16E97 /* LaunchScreen.storyboard */,
				672432B41CF24C7000A16E97 /* Info.plist */,
			);
			path = PitchPerfect;
			sourceTree = "<group>";
		};
		672432BC1CF24C7000A16E97 /* PitchPerfectTests */ = {
			isa = PBXGroup;
			children = (
				672432BD1CF24C7000A16E97 /* PitchPerfectTests.swift */,
				672432BF1CF24C7000A16E97 /* Info.plist */,
			);
			path = PitchPerfectTests;
			sourceTree = "<group>";
		};
		672432C71CF24C7000A16E97 /* PitchPerfectUITests */ = {
			isa = PBXGroup;
			children = (
				672432C81CF24C7000A16E97 /* PitchPerfectUITests.swift */,
				672432CA1CF24C7000A16E97 /* Info.plist */,
			);
			path = PitchPerfectUITests;
			sourceTree = "<group>";
		};
/* End PBXGroup section */

/* Begin PBXNativeTarget section */
		672432A41CF24C7000A16E97 /* PitchPerfect */ = {
			isa = PBXNativeTarget;
			buildConfigurationList = 672432CD1CF24C7000A16E97 /* Build configuration list for PBXNativeTarget "PitchPerfect" */;
			buildPhases = (
				672432A11CF24C7000A16E97 /* Sources */,
				672432A21CF24C7000A16E97 /* Frameworks */,
				672432A31CF24C7000A16E97 /* Resources */,
			);
			buildRules = (
			);
			dependencies = (
			);
			name = PitchPerfect;
			productName = PitchPerfect;
			productReference = 672432A51CF24C7000A16E97 /* PitchPerfect.app */;
			productType = "com.apple.product-type.application";
		};
		672432B81CF24C7000A16E97 /* PitchPerfectTests */ = {
			isa = PBXNativeTarget;
			buildConfigurationList = 672432D01CF24C7000A16E97 /* Build configuration list for PBXNativeTarget "PitchPerfectTests" */;
			buildPhases = (
				672432B51CF24C7000A16E97 /* Sources */,
				672432B61CF24C7000A16E97 /* Frameworks */,
				672432B71CF24C7000A16E97 /* Resources */,
			);
			buildRules = (
			);
			dependencies = (
				672432BB1CF24C7000A16E97 /* PBXTargetDependency */,
			);
			name = PitchPerfectTests;
			productName = PitchPerfectTests;
			productReference = 672432B91CF24C7000A16E97 /* PitchPerfectTests.xctest */;
			productType = "com.apple.product-type.bundle.unit-test";
		};
		672432C31CF24C7000A16E97 /* PitchPerfectUITests */ = {
			isa = PBXNativeTarget;
			buildConfigurationList = 672432D31CF24C7000A16E97 /* Build configuration list for PBXNativeTarget "PitchPerfectUITests" */;
			buildPhases = (
				672432C01CF24C7000A16E97 /* Sources */,
				672432C11CF24C7000A16E97 /* Frameworks */,
				672432C21CF24C7000A16E97 /* Resources */,
			);
			buildRules = (
			);
			dependencies = (
				672432C61CF24C7000A16E97 /* PBXTargetDependency */,
			);
			name = PitchPerfectUITests;
			productName = PitchPerfectUITests;
			productReference = 672432C41CF24C7000A16E97 /* PitchPerfectUITests.xctest */;
			productType = "com.apple.product-type.bundle.ui-testing";
		};
/* End PBXNativeTarget section */

/* Begin PBXProject section */
		6724329D1CF24C7000A16E97 /* Project object */ = {
			isa = PBXProject;
			attributes = {
				LastSwiftUpdateCheck = 0730;
				LastUpgradeCheck = 0730;
				ORGANIZATIONNAME = "Tyler Cheek";
				TargetAttributes = {
					672432A41CF24C7000A16E97 = {
						CreatedOnToolsVersion = 7.3.1;
						DevelopmentTeam = V3MDBDHR5T;
					};
					672432B81CF24C7000A16E97 = {
						CreatedOnToolsVersion = 7.3.1;
						DevelopmentTeam = V3MDBDHR5T;
						TestTargetID = 672432A41CF24C7000A16E97;
					};
					672432C31CF24C7000A16E97 = {
						CreatedOnToolsVersion = 7.3.1;
						DevelopmentTeam = V3MDBDHR5T;
						TestTargetID = 672432A41CF24C7000A16E97;
					};
				};
			};
			buildConfigurationList = 672432A01CF24C7000A16E97 /* Build configuration list for PBXProject "PitchPerfect" */;
			compatibilityVersion = "Xcode 3.2";
			developmentRegion = English;
			hasScannedForEncodings = 0;
			knownRegions = (
				en,
				Base,
			);
			mainGroup = 6724329C1CF24C7000A16E97;
			productRefGroup = 672432A61CF24C7000A16E97 /* Products */;
			projectDirPath = "";
			projectRoot = "";
			targets = (
				672432A41CF24C7000A16E97 /* PitchPerfect */,
				672432B81CF24C7000A16E97 /* PitchPerfectTests */,
				672432C31CF24C7000A16E97 /* PitchPerfectUITests */,
			);
		};
/* End PBXProject section */

/* Begin PBXResourcesBuildPhase section */
		672432A31CF24C7000A16E97 /* Resources */ = {
			isa = PBXResourcesBuildPhase;
			buildActionMask = 2147483647;
			files = (
				672432B31CF24C7000A16E97 /* LaunchScreen.storyboard in Resources */,
				672432B01CF24C7000A16E97 /* Assets.xcassets in Resources */,
				672432AE1CF24C7000A16E97 /* Main.storyboard in Resources */,
			);
			runOnlyForDeploymentPostprocessing = 0;
		};
		672432B71CF24C7000A16E97 /* Resources */ = {
			isa = PBXResourcesBuildPhase;
			buildActionMask = 2147483647;
			files = (
			);
			runOnlyForDeploymentPostprocessing = 0;
		};
		672432C21CF24C7000A16E97 /* Resources */ = {
			isa = PBXResourcesBuildPhase;
			buildActionMask = 2147483647;
			files = (
			);
			runOnlyForDeploymentPostprocessing = 0;
		};
/* End PBXResourcesBuildPhase section */

/* Begin PBXSourcesBuildPhase section */
		672432A11CF24C7000A16E97 /* Sources */ = {
			isa = PBXSourcesBuildPhase;
			buildActionMask = 2147483647;
			files = (
				672432AB1CF24C7000A16E97 /* RecordSoundsViewController.swift in Sources */,
				49F8801D1CF6B34D007853C9 /* PlaySoundsViewController+Audio.swift in Sources */,
				67C6270B1CF50E2A00D304F5 /* PlaySoundsViewController.swift in Sources */,
				672432A91CF24C7000A16E97 /* AppDelegate.swift in Sources */,
			);
			runOnlyForDeploymentPostprocessing = 0;
		};
		672432B51CF24C7000A16E97 /* Sources */ = {
			isa = PBXSourcesBuildPhase;
			buildActionMask = 2147483647;
			files = (
				672432BE1CF24C7000A16E97 /* PitchPerfectTests.swift in Sources */,
			);
			runOnlyForDeploymentPostprocessing = 0;
		};
		672432C01CF24C7000A16E97 /* Sources */ = {
			isa = PBXSourcesBuildPhase;
			buildActionMask = 2147483647;
			files = (
				672432C91CF24C7000A16E97 /* PitchPerfectUITests.swift in Sources */,
			);
			runOnlyForDeploymentPostprocessing = 0;
		};
/* End PBXSourcesBuildPhase section */

/* Begin PBXTargetDependency section */
		672432BB1CF24C7000A16E97 /* PBXTargetDependency */ = {
			isa = PBXTargetDependency;
			target = 672432A41CF24C7000A16E97 /* PitchPerfect */;
			targetProxy = 672432BA1CF24C7000A16E97 /* PBXContainerItemProxy */;
		};
		672432C61CF24C7000A16E97 /* PBXTargetDependency */ = {
			isa = PBXTargetDependency;
			target = 672432A41CF24C7000A16E97 /* PitchPerfect */;
			targetProxy = 672432C51CF24C7000A16E97 /* PBXContainerItemProxy */;
		};
/* End PBXTargetDependency section */

/* Begin PBXVariantGroup section */
		672432AC1CF24C7000A16E97 /* Main.storyboard */ = {
			isa = PBXVariantGroup;
			children = (
				672432AD1CF24C7000A16E97 /* Base */,
			);
			name = Main.storyboard;
			sourceTree = "<group>";
		};
		672432B11CF24C7000A16E97 /* LaunchScreen.storyboard */ = {
			isa = PBXVariantGroup;
			children = (
				672432B21CF24C7000A16E97 /* Base */,
			);
			name = LaunchScreen.storyboard;
			sourceTree = "<group>";
		};
/* End PBXVariantGroup section */

/* Begin XCBuildConfiguration section */
		672432CB1CF24C7000A16E97 /* Debug */ = {
			isa = XCBuildConfiguration;
			buildSettings = {
				ALWAYS_SEARCH_USER_PATHS = NO;
				CLANG_ANALYZER_NONNULL = YES;
				CLANG_CXX_LANGUAGE_STANDARD = "gnu++0x";
				CLANG_CXX_LIBRARY = "libc++";
				CLANG_ENABLE_MODULES = YES;
				CLANG_ENABLE_OBJC_ARC = YES;
				CLANG_WARN_BOOL_CONVERSION = YES;
				CLANG_WARN_CONSTANT_CONVERSION = YES;
				CLANG_WARN_DIRECT_OBJC_ISA_USAGE = YES_ERROR;
				CLANG_WARN_EMPTY_BODY = YES;
				CLANG_WARN_ENUM_CONVERSION = YES;
				CLANG_WARN_INT_CONVERSION = YES;
				CLANG_WARN_OBJC_ROOT_CLASS = YES_ERROR;
				CLANG_WARN_UNREACHABLE_CODE = YES;
				CLANG_WARN__DUPLICATE_METHOD_MATCH = YES;
				"CODE_SIGN_IDENTITY[sdk=iphoneos*]" = "iPhone Developer";
				COPY_PHASE_STRIP = NO;
				DEBUG_INFORMATION_FORMAT = dwarf;
				ENABLE_STRICT_OBJC_MSGSEND = YES;
				ENABLE_TESTABILITY = YES;
				GCC_C_LANGUAGE_STANDARD = gnu99;
				GCC_DYNAMIC_NO_PIC = NO;
				GCC_NO_COMMON_BLOCKS = YES;
				GCC_OPTIMIZATION_LEVEL = 0;
				GCC_PREPROCESSOR_DEFINITIONS = (
					"DEBUG=1",
					"$(inherited)",
				);
				GCC_WARN_64_TO_32_BIT_CONVERSION = YES;
				GCC_WARN_ABOUT_RETURN_TYPE = YES_ERROR;
				GCC_WARN_UNDECLARED_SELECTOR = YES;
				GCC_WARN_UNINITIALIZED_AUTOS = YES_AGGRESSIVE;
				GCC_WARN_UNUSED_FUNCTION = YES;
				GCC_WARN_UNUSED_VARIABLE = YES;
				IPHONEOS_DEPLOYMENT_TARGET = 9.3;
				MTL_ENABLE_DEBUG_INFO = YES;
				ONLY_ACTIVE_ARCH = YES;
				SDKROOT = iphoneos;
				SWIFT_OPTIMIZATION_LEVEL = "-Onone";
			};
			name = Debug;
		};
		672432CC1CF24C7000A16E97 /* Release */ = {
			isa = XCBuildConfiguration;
			buildSettings = {
				ALWAYS_SEARCH_USER_PATHS = NO;
				CLANG_ANALYZER_NONNULL = YES;
				CLANG_CXX_LANGUAGE_STANDARD = "gnu++0x";
				CLANG_CXX_LIBRARY = "libc++";
				CLANG_ENABLE_MODULES = YES;
				CLANG_ENABLE_OBJC_ARC = YES;
				CLANG_WARN_BOOL_CONVERSION = YES;
				CLANG_WARN_CONSTANT_CONVERSION = YES;
				CLANG_WARN_DIRECT_OBJC_ISA_USAGE = YES_ERROR;
				CLANG_WARN_EMPTY_BODY = YES;
				CLANG_WARN_ENUM_CONVERSION = YES;
				CLANG_WARN_INT_CONVERSION = YES;
				CLANG_WARN_OBJC_ROOT_CLASS = YES_ERROR;
				CLANG_WARN_UNREACHABLE_CODE = YES;
				CLANG_WARN__DUPLICATE_METHOD_MATCH = YES;
				"CODE_SIGN_IDENTITY[sdk=iphoneos*]" = "iPhone Developer";
				COPY_PHASE_STRIP = NO;
				DEBUG_INFORMATION_FORMAT = "dwarf-with-dsym";
				ENABLE_NS_ASSERTIONS = NO;
				ENABLE_STRICT_OBJC_MSGSEND = YES;
				GCC_C_LANGUAGE_STANDARD = gnu99;
				GCC_NO_COMMON_BLOCKS = YES;
				GCC_WARN_64_TO_32_BIT_CONVERSION = YES;
				GCC_WARN_ABOUT_RETURN_TYPE = YES_ERROR;
				GCC_WARN_UNDECLARED_SELECTOR = YES;
				GCC_WARN_UNINITIALIZED_AUTOS = YES_AGGRESSIVE;
				GCC_WARN_UNUSED_FUNCTION = YES;
				GCC_WARN_UNUSED_VARIABLE = YES;
				IPHONEOS_DEPLOYMENT_TARGET = 9.3;
				MTL_ENABLE_DEBUG_INFO = NO;
				SDKROOT = iphoneos;
				VALIDATE_PRODUCT = YES;
			};
			name = Release;
		};
		672432CE1CF24C7000A16E97 /* Debug */ = {
			isa = XCBuildConfiguration;
			buildSettings = {
				ASSETCATALOG_COMPILER_APPICON_NAME = AppIcon;
				CODE_SIGN_IDENTITY = "iPhone Developer";
				"CODE_SIGN_IDENTITY[sdk=iphoneos*]" = "iPhone Developer";
				INFOPLIST_FILE = PitchPerfect/Info.plist;
				LD_RUNPATH_SEARCH_PATHS = "$(inherited) @executable_path/Frameworks";
				PRODUCT_BUNDLE_IDENTIFIER = com.testprojects.PitchPerfect;
				PRODUCT_NAME = "$(TARGET_NAME)";
				PROVISIONING_PROFILE = "";
			};
			name = Debug;
		};
		672432CF1CF24C7000A16E97 /* Release */ = {
			isa = XCBuildConfiguration;
			buildSettings = {
				ASSETCATALOG_COMPILER_APPICON_NAME = AppIcon;
				CODE_SIGN_IDENTITY = "iPhone Developer";
				"CODE_SIGN_IDENTITY[sdk=iphoneos*]" = "iPhone Developer";
				INFOPLIST_FILE = PitchPerfect/Info.plist;
				LD_RUNPATH_SEARCH_PATHS = "$(inherited) @executable_path/Frameworks";
				PRODUCT_BUNDLE_IDENTIFIER = com.testprojects.PitchPerfect;
				PRODUCT_NAME = "$(TARGET_NAME)";
				PROVISIONING_PROFILE = "";
			};
			name = Release;
		};
		672432D11CF24C7000A16E97 /* Debug */ = {
			isa = XCBuildConfiguration;
			buildSettings = {
				BUNDLE_LOADER = "$(TEST_HOST)";
				INFOPLIST_FILE = PitchPerfectTests/Info.plist;
				LD_RUNPATH_SEARCH_PATHS = "$(inherited) @executable_path/Frameworks @loader_path/Frameworks";
				PRODUCT_BUNDLE_IDENTIFIER = com.testprojects.PitchPerfectTests;
				PRODUCT_NAME = "$(TARGET_NAME)";
				TEST_HOST = "$(BUILT_PRODUCTS_DIR)/PitchPerfect.app/PitchPerfect";
			};
			name = Debug;
		};
		672432D21CF24C7000A16E97 /* Release */ = {
			isa = XCBuildConfiguration;
			buildSettings = {
				BUNDLE_LOADER = "$(TEST_HOST)";
				INFOPLIST_FILE = PitchPerfectTests/Info.plist;
				LD_RUNPATH_SEARCH_PATHS = "$(inherited) @executable_path/Frameworks @loader_path/Frameworks";
				PRODUCT_BUNDLE_IDENTIFIER = com.testprojects.PitchPerfectTests;
				PRODUCT_NAME = "$(TARGET_NAME)";
				TEST_HOST = "$(BUILT_PRODUCTS_DIR)/PitchPerfect.app/PitchPerfect";
			};
			name = Release;
		};
		672432D41CF24C7000A16E97 /* Debug */ = {
			isa = XCBuildConfiguration;
			buildSettings = {
				INFOPLIST_FILE = PitchPerfectUITests/Info.plist;
				LD_RUNPATH_SEARCH_PATHS = "$(inherited) @executable_path/Frameworks @loader_path/Frameworks";
				PRODUCT_BUNDLE_IDENTIFIER = com.testprojects.PitchPerfectUITests;
				PRODUCT_NAME = "$(TARGET_NAME)";
				TEST_TARGET_NAME = PitchPerfect;
			};
			name = Debug;
		};
		672432D51CF24C7000A16E97 /* Release */ = {
			isa = XCBuildConfiguration;
			buildSettings = {
				INFOPLIST_FILE = PitchPerfectUITests/Info.plist;
				LD_RUNPATH_SEARCH_PATHS = "$(inherited) @executable_path/Frameworks @loader_path/Frameworks";
				PRODUCT_BUNDLE_IDENTIFIER = com.testprojects.PitchPerfectUITests;
				PRODUCT_NAME = "$(TARGET_NAME)";
				TEST_TARGET_NAME = PitchPerfect;
			};
			name = Release;
		};
/* End XCBuildConfiguration section */

/* Begin XCConfigurationList section */
		672432A01CF24C7000A16E97 /* Build configuration list for PBXProject "PitchPerfect" */ = {
			isa = XCConfigurationList;
			buildConfigurations = (
				672432CB1CF24C7000A16E97 /* Debug */,
				672432CC1CF24C7000A16E97 /* Release */,
			);
			defaultConfigurationIsVisible = 0;
			defaultConfigurationName = Release;
		};
		672432CD1CF24C7000A16E97 /* Build configuration list for PBXNativeTarget "PitchPerfect" */ = {
			isa = XCConfigurationList;
			buildConfigurations = (
				672432CE1CF24C7000A16E97 /* Debug */,
				672432CF1CF24C7000A16E97 /* Release */,
			);
			defaultConfigurationIsVisible = 0;
			defaultConfigurationName = Release;
		};
		672432D01CF24C7000A16E97 /* Build configuration list for PBXNativeTarget "PitchPerfectTests" */ = {
			isa = XCConfigurationList;
			buildConfigurations = (
				672432D11CF24C7000A16E97 /* Debug */,
				672432D21CF24C7000A16E97 /* Release */,
			);
			defaultConfigurationIsVisible = 0;
			defaultConfigurationName = Release;
		};
		672432D31CF24C7000A16E97 /* Build configuration list for PBXNativeTarget "PitchPerfectUITests" */ = {
			isa = XCConfigurationList;
			buildConfigurations = (
				672432D41CF24C7000A16E97 /* Debug */,
				672432D51CF24C7000A16E97 /* Release */,
			);
			defaultConfigurationIsVisible = 0;
			defaultConfigurationName = Release;
		};
/* End XCConfigurationList section */
	};
	rootObject = 6724329D1CF24C7000A16E97 /* Project object */;
}
